// !$*UTF8*$!
{
	archiveVersion = 1;
	classes = {
	};
	objectVersion = 50;
	objects = {

/* Begin PBXBuildFile section */
		120B493D8F251739370E0528 /* libPods-VolgaGit.a in Frameworks */ = {isa = PBXBuildFile; fileRef = 827F21C31516E2992812604B /* libPods-VolgaGit.a */; };
		520030CC2431D92400A32E72 /* APIManager.swift in Sources */ = {isa = PBXBuildFile; fileRef = 520030CB2431D92400A32E72 /* APIManager.swift */; };
		520030CE2431DA1200A32E72 /* AlertManager.swift in Sources */ = {isa = PBXBuildFile; fileRef = 520030CD2431DA1200A32E72 /* AlertManager.swift */; };
		520030D5243206FE00A32E72 /* Repository.swift in Sources */ = {isa = PBXBuildFile; fileRef = 520030D4243206FE00A32E72 /* Repository.swift */; };
		520030D724322E7D00A32E72 /* DefaultsManager.swift in Sources */ = {isa = PBXBuildFile; fileRef = 520030D624322E7D00A32E72 /* DefaultsManager.swift */; };
		521EF401243238DF008E0FD2 /* LoginViewController.swift in Sources */ = {isa = PBXBuildFile; fileRef = 521EF400243238DE008E0FD2 /* LoginViewController.swift */; };
		523935392439C7A9002C25DD /* LanguageColors.swift in Sources */ = {isa = PBXBuildFile; fileRef = 523935382439C7A9002C25DD /* LanguageColors.swift */; };
		525B9B4424653AAD0018957E /* SettingsViewController.swift in Sources */ = {isa = PBXBuildFile; fileRef = 525B9B4324653AAD0018957E /* SettingsViewController.swift */; };
		525B9B4624653FA70018957E /* SavedViewController.swift in Sources */ = {isa = PBXBuildFile; fileRef = 525B9B4524653FA70018957E /* SavedViewController.swift */; };
		525B9B482466B5690018957E /* SavedViewModel.swift in Sources */ = {isa = PBXBuildFile; fileRef = 525B9B472466B5690018957E /* SavedViewModel.swift */; };
		526B3F882434AEAE00AD7611 /* CommitTableViewCell.swift in Sources */ = {isa = PBXBuildFile; fileRef = 526B3F862434AEAE00AD7611 /* CommitTableViewCell.swift */; };
		526B3F892434AEAE00AD7611 /* CommitTableViewCell.xib in Resources */ = {isa = PBXBuildFile; fileRef = 526B3F872434AEAE00AD7611 /* CommitTableViewCell.xib */; };
		526B3F8B2434DECE00AD7611 /* Commit.swift in Sources */ = {isa = PBXBuildFile; fileRef = 526B3F8A2434DECE00AD7611 /* Commit.swift */; };
		526B3F8D2434E07000AD7611 /* RepositoryDetailViewModel.swift in Sources */ = {isa = PBXBuildFile; fileRef = 526B3F8C2434E07000AD7611 /* RepositoryDetailViewModel.swift */; };
		528C8F60243363F4003F7A65 /* RepositoryDetailViewController.swift in Sources */ = {isa = PBXBuildFile; fileRef = 528C8F5F243363F4003F7A65 /* RepositoryDetailViewController.swift */; };
		52A121102431C75F001E6152 /* RepositoryTableViewCell.swift in Sources */ = {isa = PBXBuildFile; fileRef = 52A1210E2431C75F001E6152 /* RepositoryTableViewCell.swift */; };
		52A121112431C75F001E6152 /* RepositoryTableViewCell.xib in Resources */ = {isa = PBXBuildFile; fileRef = 52A1210F2431C75F001E6152 /* RepositoryTableViewCell.xib */; };
		52B615342427AF3100182FB2 /* AppDelegate.swift in Sources */ = {isa = PBXBuildFile; fileRef = 52B615332427AF3100182FB2 /* AppDelegate.swift */; };
		52B615362427AF3100182FB2 /* SceneDelegate.swift in Sources */ = {isa = PBXBuildFile; fileRef = 52B615352427AF3100182FB2 /* SceneDelegate.swift */; };
		52B615382427AF3100182FB2 /* navigatorViewController.swift in Sources */ = {isa = PBXBuildFile; fileRef = 52B615372427AF3100182FB2 /* navigatorViewController.swift */; };
		52B6153B2427AF3100182FB2 /* Main.storyboard in Resources */ = {isa = PBXBuildFile; fileRef = 52B615392427AF3100182FB2 /* Main.storyboard */; };
		52B6153E2427AF3100182FB2 /* VolgaGit.xcdatamodeld in Sources */ = {isa = PBXBuildFile; fileRef = 52B6153C2427AF3100182FB2 /* VolgaGit.xcdatamodeld */; };
		52B615402427AF3500182FB2 /* Assets.xcassets in Resources */ = {isa = PBXBuildFile; fileRef = 52B6153F2427AF3500182FB2 /* Assets.xcassets */; };
		52B615432427AF3500182FB2 /* LaunchScreen.storyboard in Resources */ = {isa = PBXBuildFile; fileRef = 52B615412427AF3500182FB2 /* LaunchScreen.storyboard */; };
		52B6154E2427C48000182FB2 /* MainViewController.swift in Sources */ = {isa = PBXBuildFile; fileRef = 52B6154D2427C48000182FB2 /* MainViewController.swift */; };
		52B615542427C5EF00182FB2 /* MainViewModel.swift in Sources */ = {isa = PBXBuildFile; fileRef = 52B615532427C5EF00182FB2 /* MainViewModel.swift */; };
		52E66B33242BA8A6005A079A /* Box.swift in Sources */ = {isa = PBXBuildFile; fileRef = 52E66B32242BA8A6005A079A /* Box.swift */; };
/* End PBXBuildFile section */

/* Begin PBXFileReference section */
		520030CB2431D92400A32E72 /* APIManager.swift */ = {isa = PBXFileReference; lastKnownFileType = sourcecode.swift; path = APIManager.swift; sourceTree = "<group>"; };
		520030CD2431DA1200A32E72 /* AlertManager.swift */ = {isa = PBXFileReference; lastKnownFileType = sourcecode.swift; path = AlertManager.swift; sourceTree = "<group>"; };
		520030D4243206FE00A32E72 /* Repository.swift */ = {isa = PBXFileReference; lastKnownFileType = sourcecode.swift; path = Repository.swift; sourceTree = "<group>"; };
		520030D624322E7D00A32E72 /* DefaultsManager.swift */ = {isa = PBXFileReference; lastKnownFileType = sourcecode.swift; path = DefaultsManager.swift; sourceTree = "<group>"; };
		521EF400243238DE008E0FD2 /* LoginViewController.swift */ = {isa = PBXFileReference; lastKnownFileType = sourcecode.swift; path = LoginViewController.swift; sourceTree = "<group>"; };
		523935382439C7A9002C25DD /* LanguageColors.swift */ = {isa = PBXFileReference; lastKnownFileType = sourcecode.swift; path = LanguageColors.swift; sourceTree = "<group>"; };
		525B9B4324653AAD0018957E /* SettingsViewController.swift */ = {isa = PBXFileReference; lastKnownFileType = sourcecode.swift; path = SettingsViewController.swift; sourceTree = "<group>"; };
		525B9B4524653FA70018957E /* SavedViewController.swift */ = {isa = PBXFileReference; lastKnownFileType = sourcecode.swift; path = SavedViewController.swift; sourceTree = "<group>"; };
		525B9B472466B5690018957E /* SavedViewModel.swift */ = {isa = PBXFileReference; lastKnownFileType = sourcecode.swift; path = SavedViewModel.swift; sourceTree = "<group>"; };
		526B3F862434AEAE00AD7611 /* CommitTableViewCell.swift */ = {isa = PBXFileReference; lastKnownFileType = sourcecode.swift; path = CommitTableViewCell.swift; sourceTree = "<group>"; };
		526B3F872434AEAE00AD7611 /* CommitTableViewCell.xib */ = {isa = PBXFileReference; lastKnownFileType = file.xib; path = CommitTableViewCell.xib; sourceTree = "<group>"; };
		526B3F8A2434DECE00AD7611 /* Commit.swift */ = {isa = PBXFileReference; lastKnownFileType = sourcecode.swift; path = Commit.swift; sourceTree = "<group>"; };
		526B3F8C2434E07000AD7611 /* RepositoryDetailViewModel.swift */ = {isa = PBXFileReference; lastKnownFileType = sourcecode.swift; path = RepositoryDetailViewModel.swift; sourceTree = "<group>"; };
		528C8F5F243363F4003F7A65 /* RepositoryDetailViewController.swift */ = {isa = PBXFileReference; lastKnownFileType = sourcecode.swift; name = RepositoryDetailViewController.swift; path = VolgaGit/RepositoryDetailViewController.swift; sourceTree = SOURCE_ROOT; };
		52A1210E2431C75F001E6152 /* RepositoryTableViewCell.swift */ = {isa = PBXFileReference; lastKnownFileType = sourcecode.swift; path = RepositoryTableViewCell.swift; sourceTree = "<group>"; };
		52A1210F2431C75F001E6152 /* RepositoryTableViewCell.xib */ = {isa = PBXFileReference; lastKnownFileType = file.xib; path = RepositoryTableViewCell.xib; sourceTree = "<group>"; };
		52B615302427AF3100182FB2 /* VolgaGit.app */ = {isa = PBXFileReference; explicitFileType = wrapper.application; includeInIndex = 0; path = VolgaGit.app; sourceTree = BUILT_PRODUCTS_DIR; };
		52B615332427AF3100182FB2 /* AppDelegate.swift */ = {isa = PBXFileReference; lastKnownFileType = sourcecode.swift; path = AppDelegate.swift; sourceTree = "<group>"; };
		52B615352427AF3100182FB2 /* SceneDelegate.swift */ = {isa = PBXFileReference; lastKnownFileType = sourcecode.swift; path = SceneDelegate.swift; sourceTree = "<group>"; };
		52B615372427AF3100182FB2 /* navigatorViewController.swift */ = {isa = PBXFileReference; lastKnownFileType = sourcecode.swift; path = navigatorViewController.swift; sourceTree = "<group>"; };
		52B6153A2427AF3100182FB2 /* Base */ = {isa = PBXFileReference; lastKnownFileType = file.storyboard; name = Base; path = Base.lproj/Main.storyboard; sourceTree = "<group>"; };
		52B6153D2427AF3100182FB2 /* VolgaGit.xcdatamodel */ = {isa = PBXFileReference; lastKnownFileType = wrapper.xcdatamodel; path = VolgaGit.xcdatamodel; sourceTree = "<group>"; };
		52B6153F2427AF3500182FB2 /* Assets.xcassets */ = {isa = PBXFileReference; lastKnownFileType = folder.assetcatalog; path = Assets.xcassets; sourceTree = "<group>"; };
		52B615422427AF3500182FB2 /* Base */ = {isa = PBXFileReference; lastKnownFileType = file.storyboard; name = Base; path = Base.lproj/LaunchScreen.storyboard; sourceTree = "<group>"; };
		52B615442427AF3500182FB2 /* Info.plist */ = {isa = PBXFileReference; lastKnownFileType = text.plist.xml; path = Info.plist; sourceTree = "<group>"; };
		52B6154D2427C48000182FB2 /* MainViewController.swift */ = {isa = PBXFileReference; lastKnownFileType = sourcecode.swift; path = MainViewController.swift; sourceTree = "<group>"; };
		52B615532427C5EF00182FB2 /* MainViewModel.swift */ = {isa = PBXFileReference; lastKnownFileType = sourcecode.swift; path = MainViewModel.swift; sourceTree = "<group>"; };
		52E66B32242BA8A6005A079A /* Box.swift */ = {isa = PBXFileReference; lastKnownFileType = sourcecode.swift; path = Box.swift; sourceTree = "<group>"; };
		827F21C31516E2992812604B /* libPods-VolgaGit.a */ = {isa = PBXFileReference; explicitFileType = archive.ar; includeInIndex = 0; path = "libPods-VolgaGit.a"; sourceTree = BUILT_PRODUCTS_DIR; };
		99E4A4D8CBA5DB73AA184208 /* Pods-VolgaGit.release.xcconfig */ = {isa = PBXFileReference; includeInIndex = 1; lastKnownFileType = text.xcconfig; name = "Pods-VolgaGit.release.xcconfig"; path = "Target Support Files/Pods-VolgaGit/Pods-VolgaGit.release.xcconfig"; sourceTree = "<group>"; };
		BACB84D08C571DFE5E4477C1 /* Pods-VolgaGit.debug.xcconfig */ = {isa = PBXFileReference; includeInIndex = 1; lastKnownFileType = text.xcconfig; name = "Pods-VolgaGit.debug.xcconfig"; path = "Target Support Files/Pods-VolgaGit/Pods-VolgaGit.debug.xcconfig"; sourceTree = "<group>"; };
/* End PBXFileReference section */

/* Begin PBXFrameworksBuildPhase section */
		52B6152D2427AF3100182FB2 /* Frameworks */ = {
			isa = PBXFrameworksBuildPhase;
			buildActionMask = 2147483647;
			files = (
				120B493D8F251739370E0528 /* libPods-VolgaGit.a in Frameworks */,
			);
			runOnlyForDeploymentPostprocessing = 0;
		};
/* End PBXFrameworksBuildPhase section */

/* Begin PBXGroup section */
		526B3F852434AE8800AD7611 /* CommitCell */ = {
			isa = PBXGroup;
			children = (
				526B3F862434AEAE00AD7611 /* CommitTableViewCell.swift */,
				526B3F872434AEAE00AD7611 /* CommitTableViewCell.xib */,
			);
			path = CommitCell;
			sourceTree = "<group>";
		};
		52A1210D2431C73F001E6152 /* RepositoryCell */ = {
			isa = PBXGroup;
			children = (
				52A1210E2431C75F001E6152 /* RepositoryTableViewCell.swift */,
				52A1210F2431C75F001E6152 /* RepositoryTableViewCell.xib */,
			);
			path = RepositoryCell;
			sourceTree = "<group>";
		};
		52B615272427AF3100182FB2 = {
			isa = PBXGroup;
			children = (
				52B615322427AF3100182FB2 /* VolgaGit */,
				52B615312427AF3100182FB2 /* Products */,
				AD0A791F9999B721344DF1C7 /* Pods */,
				C0C6DED96D6F729EE235F31D /* Frameworks */,
			);
			sourceTree = "<group>";
		};
		52B615312427AF3100182FB2 /* Products */ = {
			isa = PBXGroup;
			children = (
				52B615302427AF3100182FB2 /* VolgaGit.app */,
			);
			name = Products;
			sourceTree = "<group>";
		};
		52B615322427AF3100182FB2 /* VolgaGit */ = {
			isa = PBXGroup;
			children = (
				52E66B31242BA89B005A079A /* Manager */,
				52B615552427C60F00182FB2 /* Model */,
				52B6154A2427BCAD00182FB2 /* SupportFiles */,
				52B615522427C5DD00182FB2 /* ViewModel */,
				52B6154B2427BFBD00182FB2 /* View */,
				52B6153F2427AF3500182FB2 /* Assets.xcassets */,
				52B6153C2427AF3100182FB2 /* VolgaGit.xcdatamodeld */,
			);
			path = VolgaGit;
			sourceTree = "<group>";
		};
		52B6154A2427BCAD00182FB2 /* SupportFiles */ = {
			isa = PBXGroup;
			children = (
				52B615332427AF3100182FB2 /* AppDelegate.swift */,
				52B615352427AF3100182FB2 /* SceneDelegate.swift */,
				52B615442427AF3500182FB2 /* Info.plist */,
			);
			path = SupportFiles;
			sourceTree = "<group>";
		};
		52B6154B2427BFBD00182FB2 /* View */ = {
			isa = PBXGroup;
			children = (
				52B615412427AF3500182FB2 /* LaunchScreen.storyboard */,
				52B615392427AF3100182FB2 /* Main.storyboard */,
				526B3F852434AE8800AD7611 /* CommitCell */,
				52A1210D2431C73F001E6152 /* RepositoryCell */,
				52B6154C2427C46200182FB2 /* ViewController */,
			);
			path = View;
			sourceTree = "<group>";
		};
		52B6154C2427C46200182FB2 /* ViewController */ = {
			isa = PBXGroup;
			children = (
				528C8F5F243363F4003F7A65 /* RepositoryDetailViewController.swift */,
				52B6154D2427C48000182FB2 /* MainViewController.swift */,
				52B615372427AF3100182FB2 /* navigatorViewController.swift */,
				521EF400243238DE008E0FD2 /* LoginViewController.swift */,
				525B9B4324653AAD0018957E /* SettingsViewController.swift */,
				525B9B4524653FA70018957E /* SavedViewController.swift */,
			);
			path = ViewController;
			sourceTree = "<group>";
		};
		52B615522427C5DD00182FB2 /* ViewModel */ = {
			isa = PBXGroup;
			children = (
				52B615532427C5EF00182FB2 /* MainViewModel.swift */,
				526B3F8C2434E07000AD7611 /* RepositoryDetailViewModel.swift */,
				525B9B472466B5690018957E /* SavedViewModel.swift */,
			);
			path = ViewModel;
			sourceTree = "<group>";
		};
		52B615552427C60F00182FB2 /* Model */ = {
			isa = PBXGroup;
			children = (
				520030D4243206FE00A32E72 /* Repository.swift */,
				526B3F8A2434DECE00AD7611 /* Commit.swift */,
				523935382439C7A9002C25DD /* LanguageColors.swift */,
			);
			path = Model;
			sourceTree = "<group>";
		};
		52E66B31242BA89B005A079A /* Manager */ = {
			isa = PBXGroup;
			children = (
				52E66B32242BA8A6005A079A /* Box.swift */,
				520030CB2431D92400A32E72 /* APIManager.swift */,
				520030D624322E7D00A32E72 /* DefaultsManager.swift */,
				520030CD2431DA1200A32E72 /* AlertManager.swift */,
			);
			path = Manager;
			sourceTree = "<group>";
		};
		AD0A791F9999B721344DF1C7 /* Pods */ = {
			isa = PBXGroup;
			children = (
				BACB84D08C571DFE5E4477C1 /* Pods-VolgaGit.debug.xcconfig */,
				99E4A4D8CBA5DB73AA184208 /* Pods-VolgaGit.release.xcconfig */,
			);
			path = Pods;
			sourceTree = "<group>";
		};
		C0C6DED96D6F729EE235F31D /* Frameworks */ = {
			isa = PBXGroup;
			children = (
				827F21C31516E2992812604B /* libPods-VolgaGit.a */,
			);
			name = Frameworks;
			sourceTree = "<group>";
		};
/* End PBXGroup section */

/* Begin PBXNativeTarget section */
		52B6152F2427AF3100182FB2 /* VolgaGit */ = {
			isa = PBXNativeTarget;
			buildConfigurationList = 52B615472427AF3500182FB2 /* Build configuration list for PBXNativeTarget "VolgaGit" */;
			buildPhases = (
				9E17088701BA4CE6E97670D3 /* [CP] Check Pods Manifest.lock */,
				52B6152C2427AF3100182FB2 /* Sources */,
				52B6152D2427AF3100182FB2 /* Frameworks */,
				52B6152E2427AF3100182FB2 /* Resources */,
			);
			buildRules = (
			);
			dependencies = (
			);
			name = VolgaGit;
			productName = VolgaGit;
			productReference = 52B615302427AF3100182FB2 /* VolgaGit.app */;
			productType = "com.apple.product-type.application";
		};
/* End PBXNativeTarget section */

/* Begin PBXProject section */
		52B615282427AF3100182FB2 /* Project object */ = {
			isa = PBXProject;
			attributes = {
				LastSwiftUpdateCheck = 1130;
				LastUpgradeCheck = 1130;
				ORGANIZATIONNAME = "Лебедев Лев";
				TargetAttributes = {
					52B6152F2427AF3100182FB2 = {
						CreatedOnToolsVersion = 11.3.1;
					};
				};
			};
			buildConfigurationList = 52B6152B2427AF3100182FB2 /* Build configuration list for PBXProject "VolgaGit" */;
			compatibilityVersion = "Xcode 9.3";
			developmentRegion = en;
			hasScannedForEncodings = 0;
			knownRegions = (
				en,
				Base,
			);
			mainGroup = 52B615272427AF3100182FB2;
			productRefGroup = 52B615312427AF3100182FB2 /* Products */;
			projectDirPath = "";
			projectRoot = "";
			targets = (
				52B6152F2427AF3100182FB2 /* VolgaGit */,
			);
		};
/* End PBXProject section */

/* Begin PBXResourcesBuildPhase section */
		52B6152E2427AF3100182FB2 /* Resources */ = {
			isa = PBXResourcesBuildPhase;
			buildActionMask = 2147483647;
			files = (
				52B615432427AF3500182FB2 /* LaunchScreen.storyboard in Resources */,
				52B615402427AF3500182FB2 /* Assets.xcassets in Resources */,
				52B6153B2427AF3100182FB2 /* Main.storyboard in Resources */,
				52A121112431C75F001E6152 /* RepositoryTableViewCell.xib in Resources */,
				526B3F892434AEAE00AD7611 /* CommitTableViewCell.xib in Resources */,
			);
			runOnlyForDeploymentPostprocessing = 0;
		};
/* End PBXResourcesBuildPhase section */

/* Begin PBXShellScriptBuildPhase section */
		9E17088701BA4CE6E97670D3 /* [CP] Check Pods Manifest.lock */ = {
			isa = PBXShellScriptBuildPhase;
			buildActionMask = 2147483647;
			files = (
			);
			inputFileListPaths = (
			);
			inputPaths = (
				"${PODS_PODFILE_DIR_PATH}/Podfile.lock",
				"${PODS_ROOT}/Manifest.lock",
			);
			name = "[CP] Check Pods Manifest.lock";
			outputFileListPaths = (
			);
			outputPaths = (
				"$(DERIVED_FILE_DIR)/Pods-VolgaGit-checkManifestLockResult.txt",
			);
			runOnlyForDeploymentPostprocessing = 0;
			shellPath = /bin/sh;
			shellScript = "diff \"${PODS_PODFILE_DIR_PATH}/Podfile.lock\" \"${PODS_ROOT}/Manifest.lock\" > /dev/null\nif [ $? != 0 ] ; then\n    # print error to STDERR\n    echo \"error: The sandbox is not in sync with the Podfile.lock. Run 'pod install' or update your CocoaPods installation.\" >&2\n    exit 1\nfi\n# This output is used by Xcode 'outputs' to avoid re-running this script phase.\necho \"SUCCESS\" > \"${SCRIPT_OUTPUT_FILE_0}\"\n";
			showEnvVarsInLog = 0;
		};
/* End PBXShellScriptBuildPhase section */

/* Begin PBXSourcesBuildPhase section */
		52B6152C2427AF3100182FB2 /* Sources */ = {
			isa = PBXSourcesBuildPhase;
			buildActionMask = 2147483647;
			files = (
				526B3F8B2434DECE00AD7611 /* Commit.swift in Sources */,
				520030D5243206FE00A32E72 /* Repository.swift in Sources */,
				526B3F8D2434E07000AD7611 /* RepositoryDetailViewModel.swift in Sources */,
				528C8F60243363F4003F7A65 /* RepositoryDetailViewController.swift in Sources */,
				52E66B33242BA8A6005A079A /* Box.swift in Sources */,
				525B9B4424653AAD0018957E /* SettingsViewController.swift in Sources */,
				520030CE2431DA1200A32E72 /* AlertManager.swift in Sources */,
				52B615542427C5EF00182FB2 /* MainViewModel.swift in Sources */,
				520030CC2431D92400A32E72 /* APIManager.swift in Sources */,
				52B615382427AF3100182FB2 /* navigatorViewController.swift in Sources */,
				523935392439C7A9002C25DD /* LanguageColors.swift in Sources */,
				52A121102431C75F001E6152 /* RepositoryTableViewCell.swift in Sources */,
				520030D724322E7D00A32E72 /* DefaultsManager.swift in Sources */,
				52B615342427AF3100182FB2 /* AppDelegate.swift in Sources */,
				526B3F882434AEAE00AD7611 /* CommitTableViewCell.swift in Sources */,
				52B6153E2427AF3100182FB2 /* VolgaGit.xcdatamodeld in Sources */,
				525B9B482466B5690018957E /* SavedViewModel.swift in Sources */,
				521EF401243238DF008E0FD2 /* LoginViewController.swift in Sources */,
				52B615362427AF3100182FB2 /* SceneDelegate.swift in Sources */,
				525B9B4624653FA70018957E /* SavedViewController.swift in Sources */,
				52B6154E2427C48000182FB2 /* MainViewController.swift in Sources */,
			);
			runOnlyForDeploymentPostprocessing = 0;
		};
/* End PBXSourcesBuildPhase section */

/* Begin PBXVariantGroup section */
		52B615392427AF3100182FB2 /* Main.storyboard */ = {
			isa = PBXVariantGroup;
			children = (
				52B6153A2427AF3100182FB2 /* Base */,
			);
			name = Main.storyboard;
			sourceTree = "<group>";
		};
		52B615412427AF3500182FB2 /* LaunchScreen.storyboard */ = {
			isa = PBXVariantGroup;
			children = (
				52B615422427AF3500182FB2 /* Base */,
			);
			name = LaunchScreen.storyboard;
			sourceTree = "<group>";
		};
/* End PBXVariantGroup section */

/* Begin XCBuildConfiguration section */
		52B615452427AF3500182FB2 /* Debug */ = {
			isa = XCBuildConfiguration;
			buildSettings = {
				ALWAYS_SEARCH_USER_PATHS = NO;
				CLANG_ANALYZER_NONNULL = YES;
				CLANG_ANALYZER_NUMBER_OBJECT_CONVERSION = YES_AGGRESSIVE;
				CLANG_CXX_LANGUAGE_STANDARD = "gnu++14";
				CLANG_CXX_LIBRARY = "libc++";
				CLANG_ENABLE_MODULES = YES;
				CLANG_ENABLE_OBJC_ARC = YES;
				CLANG_ENABLE_OBJC_WEAK = YES;
				CLANG_WARN_BLOCK_CAPTURE_AUTORELEASING = YES;
				CLANG_WARN_BOOL_CONVERSION = YES;
				CLANG_WARN_COMMA = YES;
				CLANG_WARN_CONSTANT_CONVERSION = YES;
				CLANG_WARN_DEPRECATED_OBJC_IMPLEMENTATIONS = YES;
				CLANG_WARN_DIRECT_OBJC_ISA_USAGE = YES_ERROR;
				CLANG_WARN_DOCUMENTATION_COMMENTS = YES;
				CLANG_WARN_EMPTY_BODY = YES;
				CLANG_WARN_ENUM_CONVERSION = YES;
				CLANG_WARN_INFINITE_RECURSION = YES;
				CLANG_WARN_INT_CONVERSION = YES;
				CLANG_WARN_NON_LITERAL_NULL_CONVERSION = YES;
				CLANG_WARN_OBJC_IMPLICIT_RETAIN_SELF = YES;
				CLANG_WARN_OBJC_LITERAL_CONVERSION = YES;
				CLANG_WARN_OBJC_ROOT_CLASS = YES_ERROR;
				CLANG_WARN_RANGE_LOOP_ANALYSIS = YES;
				CLANG_WARN_STRICT_PROTOTYPES = YES;
				CLANG_WARN_SUSPICIOUS_MOVE = YES;
				CLANG_WARN_UNGUARDED_AVAILABILITY = YES_AGGRESSIVE;
				CLANG_WARN_UNREACHABLE_CODE = YES;
				CLANG_WARN__DUPLICATE_METHOD_MATCH = YES;
				COPY_PHASE_STRIP = NO;
				DEBUG_INFORMATION_FORMAT = dwarf;
				ENABLE_STRICT_OBJC_MSGSEND = YES;
				ENABLE_TESTABILITY = YES;
				GCC_C_LANGUAGE_STANDARD = gnu11;
				GCC_DYNAMIC_NO_PIC = NO;
				GCC_NO_COMMON_BLOCKS = YES;
				GCC_OPTIMIZATION_LEVEL = 0;
				GCC_PREPROCESSOR_DEFINITIONS = (
					"DEBUG=1",
					"$(inherited)",
				);
				GCC_WARN_64_TO_32_BIT_CONVERSION = YES;
				GCC_WARN_ABOUT_RETURN_TYPE = YES_ERROR;
				GCC_WARN_UNDECLARED_SELECTOR = YES;
				GCC_WARN_UNINITIALIZED_AUTOS = YES_AGGRESSIVE;
				GCC_WARN_UNUSED_FUNCTION = YES;
				GCC_WARN_UNUSED_VARIABLE = YES;
				IPHONEOS_DEPLOYMENT_TARGET = 13.2;
				MTL_ENABLE_DEBUG_INFO = INCLUDE_SOURCE;
				MTL_FAST_MATH = YES;
				ONLY_ACTIVE_ARCH = YES;
				SDKROOT = iphoneos;
				SWIFT_ACTIVE_COMPILATION_CONDITIONS = DEBUG;
				SWIFT_OPTIMIZATION_LEVEL = "-Onone";
			};
			name = Debug;
		};
		52B615462427AF3500182FB2 /* Release */ = {
			isa = XCBuildConfiguration;
			buildSettings = {
				ALWAYS_SEARCH_USER_PATHS = NO;
				CLANG_ANALYZER_NONNULL = YES;
				CLANG_ANALYZER_NUMBER_OBJECT_CONVERSION = YES_AGGRESSIVE;
				CLANG_CXX_LANGUAGE_STANDARD = "gnu++14";
				CLANG_CXX_LIBRARY = "libc++";
				CLANG_ENABLE_MODULES = YES;
				CLANG_ENABLE_OBJC_ARC = YES;
				CLANG_ENABLE_OBJC_WEAK = YES;
				CLANG_WARN_BLOCK_CAPTURE_AUTORELEASING = YES;
				CLANG_WARN_BOOL_CONVERSION = YES;
				CLANG_WARN_COMMA = YES;
				CLANG_WARN_CONSTANT_CONVERSION = YES;
				CLANG_WARN_DEPRECATED_OBJC_IMPLEMENTATIONS = YES;
				CLANG_WARN_DIRECT_OBJC_ISA_USAGE = YES_ERROR;
				CLANG_WARN_DOCUMENTATION_COMMENTS = YES;
				CLANG_WARN_EMPTY_BODY = YES;
				CLANG_WARN_ENUM_CONVERSION = YES;
				CLANG_WARN_INFINITE_RECURSION = YES;
				CLANG_WARN_INT_CONVERSION = YES;
				CLANG_WARN_NON_LITERAL_NULL_CONVERSION = YES;
				CLANG_WARN_OBJC_IMPLICIT_RETAIN_SELF = YES;
				CLANG_WARN_OBJC_LITERAL_CONVERSION = YES;
				CLANG_WARN_OBJC_ROOT_CLASS = YES_ERROR;
				CLANG_WARN_RANGE_LOOP_ANALYSIS = YES;
				CLANG_WARN_STRICT_PROTOTYPES = YES;
				CLANG_WARN_SUSPICIOUS_MOVE = YES;
				CLANG_WARN_UNGUARDED_AVAILABILITY = YES_AGGRESSIVE;
				CLANG_WARN_UNREACHABLE_CODE = YES;
				CLANG_WARN__DUPLICATE_METHOD_MATCH = YES;
				COPY_PHASE_STRIP = NO;
				DEBUG_INFORMATION_FORMAT = "dwarf-with-dsym";
				ENABLE_NS_ASSERTIONS = NO;
				ENABLE_STRICT_OBJC_MSGSEND = YES;
				GCC_C_LANGUAGE_STANDARD = gnu11;
				GCC_NO_COMMON_BLOCKS = YES;
				GCC_WARN_64_TO_32_BIT_CONVERSION = YES;
				GCC_WARN_ABOUT_RETURN_TYPE = YES_ERROR;
				GCC_WARN_UNDECLARED_SELECTOR = YES;
				GCC_WARN_UNINITIALIZED_AUTOS = YES_AGGRESSIVE;
				GCC_WARN_UNUSED_FUNCTION = YES;
				GCC_WARN_UNUSED_VARIABLE = YES;
				IPHONEOS_DEPLOYMENT_TARGET = 13.2;
				MTL_ENABLE_DEBUG_INFO = NO;
				MTL_FAST_MATH = YES;
				SDKROOT = iphoneos;
				SWIFT_COMPILATION_MODE = wholemodule;
				SWIFT_OPTIMIZATION_LEVEL = "-O";
				VALIDATE_PRODUCT = YES;
			};
			name = Release;
		};
		52B615482427AF3500182FB2 /* Debug */ = {
			isa = XCBuildConfiguration;
			baseConfigurationReference = BACB84D08C571DFE5E4477C1 /* Pods-VolgaGit.debug.xcconfig */;
			buildSettings = {
				ASSETCATALOG_COMPILER_APPICON_NAME = AppIcon;
				CODE_SIGN_STYLE = Automatic;
				DEVELOPMENT_TEAM = TZ25Z9MBQ7;
				INFOPLIST_FILE = VolgaGit/SupportFiles/Info.plist;
				LD_RUNPATH_SEARCH_PATHS = (
					"$(inherited)",
					"@executable_path/Frameworks",
				);
				PRODUCT_BUNDLE_IDENTIFIER = Lebedev.Lev.VolgaGit;
				PRODUCT_NAME = "$(TARGET_NAME)";
				SWIFT_VERSION = 5.0;
				TARGETED_DEVICE_FAMILY = "1,2";
			};
			name = Debug;
		};
		52B615492427AF3500182FB2 /* Release */ = {
			isa = XCBuildConfiguration;
			baseConfigurationReference = 99E4A4D8CBA5DB73AA184208 /* Pods-VolgaGit.release.xcconfig */;
			buildSettings = {
				ASSETCATALOG_COMPILER_APPICON_NAME = AppIcon;
				CODE_SIGN_STYLE = Automatic;
				DEVELOPMENT_TEAM = TZ25Z9MBQ7;
				INFOPLIST_FILE = VolgaGit/SupportFiles/Info.plist;
				LD_RUNPATH_SEARCH_PATHS = (
					"$(inherited)",
					"@executable_path/Frameworks",
				);
				PRODUCT_BUNDLE_IDENTIFIER = Lebedev.Lev.VolgaGit;
				PRODUCT_NAME = "$(TARGET_NAME)";
				SWIFT_VERSION = 5.0;
				TARGETED_DEVICE_FAMILY = "1,2";
			};
			name = Release;
		};
/* End XCBuildConfiguration section */

/* Begin XCConfigurationList section */
		52B6152B2427AF3100182FB2 /* Build configuration list for PBXProject "VolgaGit" */ = {
			isa = XCConfigurationList;
			buildConfigurations = (
				52B615452427AF3500182FB2 /* Debug */,
				52B615462427AF3500182FB2 /* Release */,
			);
			defaultConfigurationIsVisible = 0;
			defaultConfigurationName = Release;
		};
		52B615472427AF3500182FB2 /* Build configuration list for PBXNativeTarget "VolgaGit" */ = {
			isa = XCConfigurationList;
			buildConfigurations = (
				52B615482427AF3500182FB2 /* Debug */,
				52B615492427AF3500182FB2 /* Release */,
			);
			defaultConfigurationIsVisible = 0;
			defaultConfigurationName = Release;
		};
/* End XCConfigurationList section */

/* Begin XCVersionGroup section */
		52B6153C2427AF3100182FB2 /* VolgaGit.xcdatamodeld */ = {
			isa = XCVersionGroup;
			children = (
				52B6153D2427AF3100182FB2 /* VolgaGit.xcdatamodel */,
			);
			currentVersion = 52B6153D2427AF3100182FB2 /* VolgaGit.xcdatamodel */;
			path = VolgaGit.xcdatamodeld;
			sourceTree = "<group>";
			versionGroupType = wrapper.xcdatamodel;
		};
/* End XCVersionGroup section */
	};
	rootObject = 52B615282427AF3100182FB2 /* Project object */;
}
